<?xml version="1.0" encoding="UTF-8" standalone="yes" ?>
<CodeBlocks_project_file>
	<FileVersion major="1" minor="6" />
	<Project>
		<Option title="Camping Sol Luna" />
		<Option pch_mode="2" />
		<Option compiler="gcc" />
		<Build>
			<Target title="Debug">
				<Option output="bin/Debug/Camping Sol Luna" prefix_auto="1" extension_auto="1" />
				<Option object_output="obj/Debug/" />
				<Option type="1" />
				<Option compiler="gcc" />
				<Compiler>
					<Add option="-g" />
					<Add directory="include" />
				</Compiler>
			</Target>
			<Target title="Release">
				<Option output="bin/Release/Camping Sol Luna" prefix_auto="1" extension_auto="1" />
				<Option object_output="obj/Release/" />
				<Option type="1" />
				<Option compiler="gcc" />
				<Compiler>
					<Add option="-O2" />
					<Add directory="include" />
				</Compiler>
				<Linker>
					<Add option="-s" />
				</Linker>
			</Target>
		</Build>
		<Compiler>
			<Add option="-Wall" />
			<Add option="-fexceptions" />
		</Compiler>
		<Unit filename="include/ArchivoCabanias.h" />
		<Unit filename="include/ArchivoCarpas.h" />
		<Unit filename="include/ArchivoClientes.h" />
		<Unit filename="include/ArchivoReservas.h" />
		<Unit filename="include/Cliente.h" />
		<Unit filename="include/Fecha.h" />
		<Unit filename="include/Funcion Generales.h" />
		<Unit filename="include/Funciones.h" />
		<Unit filename="include/MenuClientes.h" />
		<Unit filename="include/MenuInformes.h" />
		<Unit filename="include/MenuReservas.h" />
		<Unit filename="include/Reservas.h" />
		<Unit filename="include/TipODePago.h" />
		<Unit filename="main.cpp" />
		<Unit filename="src/ArchivoCabanias.cpp" />
		<Unit filename="src/ArchivoCarpas.cpp" />
		<Unit filename="src/ArchivoClientes.cpp" />
		<Unit filename="src/ArchivoReservas.cpp" />
		<Unit filename="src/Cliente.cpp" />
		<Unit filename="src/Fecha.cpp" />
		<Unit filename="src/Funciones.cpp" />
		<Unit filename="src/Reservas.cpp" />
		<Unit filename="src/TipODePago.cpp" />
		<Extensions>
			<lib_finder disable_auto="1" />
		</Extensions>
	</Project>
</CodeBlocks_project_file>
